// !$*UTF8*$!
{
	archiveVersion = 1;
	classes = {
	};
	objectVersion = 50;
	objects = {

/* Begin PBXBuildFile section */
		D607F0792239863000D5811A /* AppDelegate.swift in Sources */ = {isa = PBXBuildFile; fileRef = D607F0782239863000D5811A /* AppDelegate.swift */; };
		D607F07B2239863000D5811A /* BlogFeedController.swift in Sources */ = {isa = PBXBuildFile; fileRef = D607F07A2239863000D5811A /* BlogFeedController.swift */; };
		D607F07E2239863000D5811A /* Main.storyboard in Resources */ = {isa = PBXBuildFile; fileRef = D607F07C2239863000D5811A /* Main.storyboard */; };
		D607F0832239863400D5811A /* LaunchScreen.storyboard in Resources */ = {isa = PBXBuildFile; fileRef = D607F0812239863400D5811A /* LaunchScreen.storyboard */; };
		D607F08B22398DA400D5811A /* GoogleService-Info.plist in Resources */ = {isa = PBXBuildFile; fileRef = D607F08A22398DA400D5811A /* GoogleService-Info.plist */; };
		D607F08E223993E700D5811A /* AuthService.swift in Sources */ = {isa = PBXBuildFile; fileRef = D607F08D223993E700D5811A /* AuthService.swift */; };
		D607F0902239940400D5811A /* DBService.swift in Sources */ = {isa = PBXBuildFile; fileRef = D607F08F2239940400D5811A /* DBService.swift */; };
		D607F0922239941000D5811A /* StorageService.swift in Sources */ = {isa = PBXBuildFile; fileRef = D607F0912239941000D5811A /* StorageService.swift */; };
		D607F0952239950700D5811A /* Blog.swift in Sources */ = {isa = PBXBuildFile; fileRef = D607F0942239950700D5811A /* Blog.swift */; };
		D607F0972239951100D5811A /* Blogger.swift in Sources */ = {isa = PBXBuildFile; fileRef = D607F0962239951100D5811A /* Blogger.swift */; };
		D607F09A22399A3E00D5811A /* Date+Extensions.swift in Sources */ = {isa = PBXBuildFile; fileRef = D607F09922399A3E00D5811A /* Date+Extensions.swift */; };
		D607F09C22399A6500D5811A /* String+Date.swift in Sources */ = {isa = PBXBuildFile; fileRef = D607F09B22399A6500D5811A /* String+Date.swift */; };
		D607F09F223A343A00D5811A /* LoginView.storyboard in Resources */ = {isa = PBXBuildFile; fileRef = D607F09E223A343A00D5811A /* LoginView.storyboard */; };
		D607F0A3223AE75F00D5811A /* SearchBloggerController.swift in Sources */ = {isa = PBXBuildFile; fileRef = D607F0A2223AE75F00D5811A /* SearchBloggerController.swift */; };
		D607F0A5223AE77100D5811A /* ProfileController.swift in Sources */ = {isa = PBXBuildFile; fileRef = D607F0A4223AE77100D5811A /* ProfileController.swift */; };
		D607F0AA223AEB0500D5811A /* LoginController.swift in Sources */ = {isa = PBXBuildFile; fileRef = D607F0A9223AEB0500D5811A /* LoginController.swift */; };
		D607F0AC223AEB1100D5811A /* RegisterController.swift in Sources */ = {isa = PBXBuildFile; fileRef = D607F0AB223AEB1100D5811A /* RegisterController.swift */; };
		D607F0AE223AF7CC00D5811A /* VC+Extensions.swift in Sources */ = {isa = PBXBuildFile; fileRef = D607F0AD223AF7CC00D5811A /* VC+Extensions.swift */; };
		D607F0B0223AF8EC00D5811A /* UIColor+Extensions.swift in Sources */ = {isa = PBXBuildFile; fileRef = D607F0AF223AF8EC00D5811A /* UIColor+Extensions.swift */; };
		D607F0B3223C090600D5811A /* BlogCell.xib in Resources */ = {isa = PBXBuildFile; fileRef = D607F0B2223C090600D5811A /* BlogCell.xib */; };
		D607F0B8223C133C00D5811A /* AddBlogController.swift in Sources */ = {isa = PBXBuildFile; fileRef = D607F0B7223C133C00D5811A /* AddBlogController.swift */; };
		D607F0BA223C14B400D5811A /* EditBlogController.swift in Sources */ = {isa = PBXBuildFile; fileRef = D607F0B9223C14B400D5811A /* EditBlogController.swift */; };
		D607F0BC223C154000D5811A /* BlogFeedDetailController.swift in Sources */ = {isa = PBXBuildFile; fileRef = D607F0BB223C154000D5811A /* BlogFeedDetailController.swift */; };
		D607F0BE223C158700D5811A /* EditProfileController.swift in Sources */ = {isa = PBXBuildFile; fileRef = D607F0BD223C158700D5811A /* EditProfileController.swift */; };
		D607F0C0223C168B00D5811A /* EditBioDetailController.swift in Sources */ = {isa = PBXBuildFile; fileRef = D607F0BF223C168B00D5811A /* EditBioDetailController.swift */; };
		D607F0C6223C36DE00D5811A /* ProfileHeaderView.swift in Sources */ = {isa = PBXBuildFile; fileRef = D607F0C5223C36DE00D5811A /* ProfileHeaderView.swift */; };
		D607F0CA223C3A1D00D5811A /* ProfileHeaderView.xib in Resources */ = {isa = PBXBuildFile; fileRef = D607F0C9223C3A1D00D5811A /* ProfileHeaderView.xib */; };
		D607F0CC223C4EE600D5811A /* IBDesignableViews.swift in Sources */ = {isa = PBXBuildFile; fileRef = D607F0CB223C4EE600D5811A /* IBDesignableViews.swift */; };
		D607F0CE223F4EA800D5811A /* BlogCell.swift in Sources */ = {isa = PBXBuildFile; fileRef = D607F0CD223F4EA800D5811A /* BlogCell.swift */; };
		D60AF79422452406003ED469 /* BloggerCell.xib in Resources */ = {isa = PBXBuildFile; fileRef = D60AF79322452406003ED469 /* BloggerCell.xib */; };
		D60AF79622452430003ED469 /* BloggerCell.swift in Sources */ = {isa = PBXBuildFile; fileRef = D60AF79522452430003ED469 /* BloggerCell.swift */; };
		D68D33A82242D42400CD0D4D /* ProfileEditCell.swift in Sources */ = {isa = PBXBuildFile; fileRef = D68D33A72242D42400CD0D4D /* ProfileEditCell.swift */; };
		D6AA0851223F5C02001E3770 /* VC+Navigation.swift in Sources */ = {isa = PBXBuildFile; fileRef = D6AA0850223F5C02001E3770 /* VC+Navigation.swift */; };
		D6AA0853223F5CD8001E3770 /* FellowBloggerTabBarController.swift in Sources */ = {isa = PBXBuildFile; fileRef = D6AA0852223F5CD8001E3770 /* FellowBloggerTabBarController.swift */; };
		D6C7A73E2240B76700B1B1DD /* Comment.swift in Sources */ = {isa = PBXBuildFile; fileRef = D6C7A73D2240B76700B1B1DD /* Comment.swift */; };
		D6C7A7402240B7AE00B1B1DD /* LikeStatus.swift in Sources */ = {isa = PBXBuildFile; fileRef = D6C7A73F2240B7AE00B1B1DD /* LikeStatus.swift */; };
		D6C7A7432241443000B1B1DD /* Constants.swift in Sources */ = {isa = PBXBuildFile; fileRef = D6C7A7422241443000B1B1DD /* Constants.swift */; };
		D6C7A74522418D0A00B1B1DD /* Assets.xcassets in Resources */ = {isa = PBXBuildFile; fileRef = D6C7A74422418D0900B1B1DD /* Assets.xcassets */; };
		FE3DF0FE7D7B50242580E019 /* Pods_FellowBloggerV2.framework in Frameworks */ = {isa = PBXBuildFile; fileRef = EAF9C89D8E90B5389BDBC744 /* Pods_FellowBloggerV2.framework */; };
/* End PBXBuildFile section */

/* Begin PBXFileReference section */
		9152184107A0F010718E1B78 /* Pods-FellowBloggerV2.debug.xcconfig */ = {isa = PBXFileReference; includeInIndex = 1; lastKnownFileType = text.xcconfig; name = "Pods-FellowBloggerV2.debug.xcconfig"; path = "Target Support Files/Pods-FellowBloggerV2/Pods-FellowBloggerV2.debug.xcconfig"; sourceTree = "<group>"; };
		D607F0752239863000D5811A /* FellowBloggerV2.app */ = {isa = PBXFileReference; explicitFileType = wrapper.application; includeInIndex = 0; path = FellowBloggerV2.app; sourceTree = BUILT_PRODUCTS_DIR; };
		D607F0782239863000D5811A /* AppDelegate.swift */ = {isa = PBXFileReference; lastKnownFileType = sourcecode.swift; path = AppDelegate.swift; sourceTree = "<group>"; };
		D607F07A2239863000D5811A /* BlogFeedController.swift */ = {isa = PBXFileReference; lastKnownFileType = sourcecode.swift; path = BlogFeedController.swift; sourceTree = "<group>"; };
		D607F07D2239863000D5811A /* Base */ = {isa = PBXFileReference; lastKnownFileType = file.storyboard; name = Base; path = Base.lproj/Main.storyboard; sourceTree = "<group>"; };
		D607F0822239863400D5811A /* Base */ = {isa = PBXFileReference; lastKnownFileType = file.storyboard; name = Base; path = Base.lproj/LaunchScreen.storyboard; sourceTree = "<group>"; };
		D607F0842239863400D5811A /* Info.plist */ = {isa = PBXFileReference; lastKnownFileType = text.plist.xml; path = Info.plist; sourceTree = "<group>"; };
		D607F08A22398DA400D5811A /* GoogleService-Info.plist */ = {isa = PBXFileReference; fileEncoding = 4; lastKnownFileType = text.plist.xml; path = "GoogleService-Info.plist"; sourceTree = "<group>"; };
		D607F08D223993E700D5811A /* AuthService.swift */ = {isa = PBXFileReference; lastKnownFileType = sourcecode.swift; path = AuthService.swift; sourceTree = "<group>"; };
		D607F08F2239940400D5811A /* DBService.swift */ = {isa = PBXFileReference; lastKnownFileType = sourcecode.swift; path = DBService.swift; sourceTree = "<group>"; };
		D607F0912239941000D5811A /* StorageService.swift */ = {isa = PBXFileReference; lastKnownFileType = sourcecode.swift; path = StorageService.swift; sourceTree = "<group>"; };
		D607F0942239950700D5811A /* Blog.swift */ = {isa = PBXFileReference; lastKnownFileType = sourcecode.swift; path = Blog.swift; sourceTree = "<group>"; };
		D607F0962239951100D5811A /* Blogger.swift */ = {isa = PBXFileReference; lastKnownFileType = sourcecode.swift; path = Blogger.swift; sourceTree = "<group>"; };
		D607F09922399A3E00D5811A /* Date+Extensions.swift */ = {isa = PBXFileReference; lastKnownFileType = sourcecode.swift; path = "Date+Extensions.swift"; sourceTree = "<group>"; };
		D607F09B22399A6500D5811A /* String+Date.swift */ = {isa = PBXFileReference; lastKnownFileType = sourcecode.swift; path = "String+Date.swift"; sourceTree = "<group>"; };
		D607F09E223A343A00D5811A /* LoginView.storyboard */ = {isa = PBXFileReference; fileEncoding = 4; lastKnownFileType = file.storyboard; path = LoginView.storyboard; sourceTree = "<group>"; };
		D607F0A2223AE75F00D5811A /* SearchBloggerController.swift */ = {isa = PBXFileReference; lastKnownFileType = sourcecode.swift; path = SearchBloggerController.swift; sourceTree = "<group>"; };
		D607F0A4223AE77100D5811A /* ProfileController.swift */ = {isa = PBXFileReference; lastKnownFileType = sourcecode.swift; path = ProfileController.swift; sourceTree = "<group>"; };
		D607F0A9223AEB0500D5811A /* LoginController.swift */ = {isa = PBXFileReference; lastKnownFileType = sourcecode.swift; path = LoginController.swift; sourceTree = "<group>"; };
		D607F0AB223AEB1100D5811A /* RegisterController.swift */ = {isa = PBXFileReference; lastKnownFileType = sourcecode.swift; path = RegisterController.swift; sourceTree = "<group>"; };
		D607F0AD223AF7CC00D5811A /* VC+Extensions.swift */ = {isa = PBXFileReference; lastKnownFileType = sourcecode.swift; path = "VC+Extensions.swift"; sourceTree = "<group>"; };
		D607F0AF223AF8EC00D5811A /* UIColor+Extensions.swift */ = {isa = PBXFileReference; lastKnownFileType = sourcecode.swift; path = "UIColor+Extensions.swift"; sourceTree = "<group>"; };
		D607F0B2223C090600D5811A /* BlogCell.xib */ = {isa = PBXFileReference; lastKnownFileType = file.xib; path = BlogCell.xib; sourceTree = "<group>"; };
		D607F0B7223C133C00D5811A /* AddBlogController.swift */ = {isa = PBXFileReference; lastKnownFileType = sourcecode.swift; path = AddBlogController.swift; sourceTree = "<group>"; };
		D607F0B9223C14B400D5811A /* EditBlogController.swift */ = {isa = PBXFileReference; lastKnownFileType = sourcecode.swift; path = EditBlogController.swift; sourceTree = "<group>"; };
		D607F0BB223C154000D5811A /* BlogFeedDetailController.swift */ = {isa = PBXFileReference; lastKnownFileType = sourcecode.swift; path = BlogFeedDetailController.swift; sourceTree = "<group>"; };
		D607F0BD223C158700D5811A /* EditProfileController.swift */ = {isa = PBXFileReference; lastKnownFileType = sourcecode.swift; path = EditProfileController.swift; sourceTree = "<group>"; };
		D607F0BF223C168B00D5811A /* EditBioDetailController.swift */ = {isa = PBXFileReference; lastKnownFileType = sourcecode.swift; path = EditBioDetailController.swift; sourceTree = "<group>"; };
		D607F0C5223C36DE00D5811A /* ProfileHeaderView.swift */ = {isa = PBXFileReference; lastKnownFileType = sourcecode.swift; path = ProfileHeaderView.swift; sourceTree = "<group>"; };
		D607F0C9223C3A1D00D5811A /* ProfileHeaderView.xib */ = {isa = PBXFileReference; lastKnownFileType = file.xib; path = ProfileHeaderView.xib; sourceTree = "<group>"; };
		D607F0CB223C4EE600D5811A /* IBDesignableViews.swift */ = {isa = PBXFileReference; lastKnownFileType = sourcecode.swift; path = IBDesignableViews.swift; sourceTree = "<group>"; };
		D607F0CD223F4EA800D5811A /* BlogCell.swift */ = {isa = PBXFileReference; lastKnownFileType = sourcecode.swift; path = BlogCell.swift; sourceTree = "<group>"; };
		D60AF79322452406003ED469 /* BloggerCell.xib */ = {isa = PBXFileReference; lastKnownFileType = file.xib; path = BloggerCell.xib; sourceTree = "<group>"; };
		D60AF79522452430003ED469 /* BloggerCell.swift */ = {isa = PBXFileReference; lastKnownFileType = sourcecode.swift; path = BloggerCell.swift; sourceTree = "<group>"; };
		D68D33A72242D42400CD0D4D /* ProfileEditCell.swift */ = {isa = PBXFileReference; lastKnownFileType = sourcecode.swift; path = ProfileEditCell.swift; sourceTree = "<group>"; };
		D6AA0850223F5C02001E3770 /* VC+Navigation.swift */ = {isa = PBXFileReference; lastKnownFileType = sourcecode.swift; path = "VC+Navigation.swift"; sourceTree = "<group>"; };
		D6AA0852223F5CD8001E3770 /* FellowBloggerTabBarController.swift */ = {isa = PBXFileReference; lastKnownFileType = sourcecode.swift; path = FellowBloggerTabBarController.swift; sourceTree = "<group>"; };
		D6C7A73D2240B76700B1B1DD /* Comment.swift */ = {isa = PBXFileReference; lastKnownFileType = sourcecode.swift; path = Comment.swift; sourceTree = "<group>"; };
		D6C7A73F2240B7AE00B1B1DD /* LikeStatus.swift */ = {isa = PBXFileReference; lastKnownFileType = sourcecode.swift; path = LikeStatus.swift; sourceTree = "<group>"; };
		D6C7A7422241443000B1B1DD /* Constants.swift */ = {isa = PBXFileReference; lastKnownFileType = sourcecode.swift; path = Constants.swift; sourceTree = "<group>"; };
		D6C7A74422418D0900B1B1DD /* Assets.xcassets */ = {isa = PBXFileReference; lastKnownFileType = folder.assetcatalog; path = Assets.xcassets; sourceTree = "<group>"; };
		E7015DB1C8EEEBE55104F953 /* Pods-FellowBloggerV2.release.xcconfig */ = {isa = PBXFileReference; includeInIndex = 1; lastKnownFileType = text.xcconfig; name = "Pods-FellowBloggerV2.release.xcconfig"; path = "Target Support Files/Pods-FellowBloggerV2/Pods-FellowBloggerV2.release.xcconfig"; sourceTree = "<group>"; };
		EAF9C89D8E90B5389BDBC744 /* Pods_FellowBloggerV2.framework */ = {isa = PBXFileReference; explicitFileType = wrapper.framework; includeInIndex = 0; path = Pods_FellowBloggerV2.framework; sourceTree = BUILT_PRODUCTS_DIR; };
/* End PBXFileReference section */

/* Begin PBXFrameworksBuildPhase section */
		D607F0722239863000D5811A /* Frameworks */ = {
			isa = PBXFrameworksBuildPhase;
			buildActionMask = 2147483647;
			files = (
				FE3DF0FE7D7B50242580E019 /* Pods_FellowBloggerV2.framework in Frameworks */,
			);
			runOnlyForDeploymentPostprocessing = 0;
		};
/* End PBXFrameworksBuildPhase section */

/* Begin PBXGroup section */
		0DAB18ED8CDD11A6BCEBFDEF /* Frameworks */ = {
			isa = PBXGroup;
			children = (
				EAF9C89D8E90B5389BDBC744 /* Pods_FellowBloggerV2.framework */,
			);
			name = Frameworks;
			sourceTree = "<group>";
		};
		D607F06C2239863000D5811A = {
			isa = PBXGroup;
			children = (
				D607F0772239863000D5811A /* FellowBloggerV2 */,
				D607F0762239863000D5811A /* Products */,
				EDDEFBE13C65ED475D05F13B /* Pods */,
				0DAB18ED8CDD11A6BCEBFDEF /* Frameworks */,
			);
			sourceTree = "<group>";
		};
		D607F0762239863000D5811A /* Products */ = {
			isa = PBXGroup;
			children = (
				D607F0752239863000D5811A /* FellowBloggerV2.app */,
			);
			name = Products;
			sourceTree = "<group>";
		};
		D607F0772239863000D5811A /* FellowBloggerV2 */ = {
			isa = PBXGroup;
			children = (
				D607F0B1223C08C200D5811A /* View */,
				D607F08C2239934500D5811A /* Firebase Services */,
				D607F093223994F600D5811A /* Model */,
				D607F09D22399A9300D5811A /* Controller */,
				D607F09822399A1F00D5811A /* Extensions */,
				D6C7A7412241441C00B1B1DD /* Utilities */,
				D607F0A6223AE8CB00D5811A /* Supporting Files */,
				D607F08A22398DA400D5811A /* GoogleService-Info.plist */,
				D607F0842239863400D5811A /* Info.plist */,
			);
			path = FellowBloggerV2;
			sourceTree = "<group>";
		};
		D607F08C2239934500D5811A /* Firebase Services */ = {
			isa = PBXGroup;
			children = (
				D607F08D223993E700D5811A /* AuthService.swift */,
				D607F08F2239940400D5811A /* DBService.swift */,
				D607F0912239941000D5811A /* StorageService.swift */,
			);
			path = "Firebase Services";
			sourceTree = "<group>";
		};
		D607F093223994F600D5811A /* Model */ = {
			isa = PBXGroup;
			children = (
				D607F0942239950700D5811A /* Blog.swift */,
				D607F0962239951100D5811A /* Blogger.swift */,
				D6C7A73D2240B76700B1B1DD /* Comment.swift */,
				D6C7A73F2240B7AE00B1B1DD /* LikeStatus.swift */,
			);
			path = Model;
			sourceTree = "<group>";
		};
		D607F09822399A1F00D5811A /* Extensions */ = {
			isa = PBXGroup;
			children = (
				D607F09922399A3E00D5811A /* Date+Extensions.swift */,
				D607F09B22399A6500D5811A /* String+Date.swift */,
				D607F0AF223AF8EC00D5811A /* UIColor+Extensions.swift */,
				D607F0AD223AF7CC00D5811A /* VC+Extensions.swift */,
				D6AA0850223F5C02001E3770 /* VC+Navigation.swift */,
			);
			path = Extensions;
			sourceTree = "<group>";
		};
		D607F09D22399A9300D5811A /* Controller */ = {
			isa = PBXGroup;
			children = (
				D6AA0852223F5CD8001E3770 /* FellowBloggerTabBarController.swift */,
				D607F0A2223AE75F00D5811A /* SearchBloggerController.swift */,
				D607F0A8223AEAEF00D5811A /* Login Controllers */,
				D607F0C2223C16CD00D5811A /* Blog Feed Controllers */,
				D607F0C1223C169A00D5811A /* Profile Controllers */,
			);
			path = Controller;
			sourceTree = "<group>";
		};
		D607F0A6223AE8CB00D5811A /* Supporting Files */ = {
			isa = PBXGroup;
			children = (
				D607F0782239863000D5811A /* AppDelegate.swift */,
				D6C7A74422418D0900B1B1DD /* Assets.xcassets */,
				D607F0812239863400D5811A /* LaunchScreen.storyboard */,
			);
			path = "Supporting Files";
			sourceTree = "<group>";
		};
		D607F0A7223AE8E000D5811A /* Storyboards */ = {
			isa = PBXGroup;
			children = (
				D607F07C2239863000D5811A /* Main.storyboard */,
				D607F09E223A343A00D5811A /* LoginView.storyboard */,
			);
			path = Storyboards;
			sourceTree = "<group>";
		};
		D607F0A8223AEAEF00D5811A /* Login Controllers */ = {
			isa = PBXGroup;
			children = (
				D607F0A9223AEB0500D5811A /* LoginController.swift */,
				D607F0AB223AEB1100D5811A /* RegisterController.swift */,
			);
			path = "Login Controllers";
			sourceTree = "<group>";
		};
		D607F0B1223C08C200D5811A /* View */ = {
			isa = PBXGroup;
			children = (
				D607F0CB223C4EE600D5811A /* IBDesignableViews.swift */,
				D607F0C5223C36DE00D5811A /* ProfileHeaderView.swift */,
				D607F0C9223C3A1D00D5811A /* ProfileHeaderView.xib */,
				D607F0B4223C099200D5811A /* Custom Cells */,
				D607F0A7223AE8E000D5811A /* Storyboards */,
			);
			path = View;
			sourceTree = "<group>";
		};
		D607F0B4223C099200D5811A /* Custom Cells */ = {
			isa = PBXGroup;
			children = (
				D68D33A72242D42400CD0D4D /* ProfileEditCell.swift */,
				D607F0B2223C090600D5811A /* BlogCell.xib */,
				D607F0CD223F4EA800D5811A /* BlogCell.swift */,
				D60AF79322452406003ED469 /* BloggerCell.xib */,
				D60AF79522452430003ED469 /* BloggerCell.swift */,
			);
			path = "Custom Cells";
			sourceTree = "<group>";
		};
		D607F0C1223C169A00D5811A /* Profile Controllers */ = {
			isa = PBXGroup;
			children = (
				D607F0A4223AE77100D5811A /* ProfileController.swift */,
				D607F0BD223C158700D5811A /* EditProfileController.swift */,
				D607F0BF223C168B00D5811A /* EditBioDetailController.swift */,
			);
			path = "Profile Controllers";
			sourceTree = "<group>";
		};
		D607F0C2223C16CD00D5811A /* Blog Feed Controllers */ = {
			isa = PBXGroup;
			children = (
				D607F07A2239863000D5811A /* BlogFeedController.swift */,
				D607F0BB223C154000D5811A /* BlogFeedDetailController.swift */,
				D607F0B7223C133C00D5811A /* AddBlogController.swift */,
				D607F0B9223C14B400D5811A /* EditBlogController.swift */,
			);
			path = "Blog Feed Controllers";
			sourceTree = "<group>";
		};
		D6C7A7412241441C00B1B1DD /* Utilities */ = {
			isa = PBXGroup;
			children = (
				D6C7A7422241443000B1B1DD /* Constants.swift */,
			);
			path = Utilities;
			sourceTree = "<group>";
		};
		EDDEFBE13C65ED475D05F13B /* Pods */ = {
			isa = PBXGroup;
			children = (
				9152184107A0F010718E1B78 /* Pods-FellowBloggerV2.debug.xcconfig */,
				E7015DB1C8EEEBE55104F953 /* Pods-FellowBloggerV2.release.xcconfig */,
			);
			path = Pods;
			sourceTree = "<group>";
		};
/* End PBXGroup section */

/* Begin PBXNativeTarget section */
		D607F0742239863000D5811A /* FellowBloggerV2 */ = {
			isa = PBXNativeTarget;
			buildConfigurationList = D607F0872239863400D5811A /* Build configuration list for PBXNativeTarget "FellowBloggerV2" */;
			buildPhases = (
				45BFB90DDF3EC1C94E840917 /* [CP] Check Pods Manifest.lock */,
				D607F0712239863000D5811A /* Sources */,
				D607F0722239863000D5811A /* Frameworks */,
				D607F0732239863000D5811A /* Resources */,
				4EA1EDA0C4C158C1824E4435 /* [CP] Embed Pods Frameworks */,
			);
			buildRules = (
			);
			dependencies = (
			);
			name = FellowBloggerV2;
			productName = FellowBloggerV2;
			productReference = D607F0752239863000D5811A /* FellowBloggerV2.app */;
			productType = "com.apple.product-type.application";
		};
/* End PBXNativeTarget section */

/* Begin PBXProject section */
		D607F06D2239863000D5811A /* Project object */ = {
			isa = PBXProject;
			attributes = {
				LastSwiftUpdateCheck = 1010;
				LastUpgradeCheck = 1010;
				ORGANIZATIONNAME = "Jian Ting Li";
				TargetAttributes = {
					D607F0742239863000D5811A = {
						CreatedOnToolsVersion = 10.1;
					};
				};
			};
			buildConfigurationList = D607F0702239863000D5811A /* Build configuration list for PBXProject "FellowBloggerV2" */;
			compatibilityVersion = "Xcode 9.3";
			developmentRegion = en;
			hasScannedForEncodings = 0;
			knownRegions = (
				en,
				Base,
			);
			mainGroup = D607F06C2239863000D5811A;
			productRefGroup = D607F0762239863000D5811A /* Products */;
			projectDirPath = "";
			projectRoot = "";
			targets = (
				D607F0742239863000D5811A /* FellowBloggerV2 */,
			);
		};
/* End PBXProject section */

/* Begin PBXResourcesBuildPhase section */
		D607F0732239863000D5811A /* Resources */ = {
			isa = PBXResourcesBuildPhase;
			buildActionMask = 2147483647;
			files = (
				D607F0832239863400D5811A /* LaunchScreen.storyboard in Resources */,
				D607F08B22398DA400D5811A /* GoogleService-Info.plist in Resources */,
				D60AF79422452406003ED469 /* BloggerCell.xib in Resources */,
				D607F0CA223C3A1D00D5811A /* ProfileHeaderView.xib in Resources */,
				D607F07E2239863000D5811A /* Main.storyboard in Resources */,
				D6C7A74522418D0A00B1B1DD /* Assets.xcassets in Resources */,
				D607F09F223A343A00D5811A /* LoginView.storyboard in Resources */,
				D607F0B3223C090600D5811A /* BlogCell.xib in Resources */,
			);
			runOnlyForDeploymentPostprocessing = 0;
		};
/* End PBXResourcesBuildPhase section */

/* Begin PBXShellScriptBuildPhase section */
		45BFB90DDF3EC1C94E840917 /* [CP] Check Pods Manifest.lock */ = {
			isa = PBXShellScriptBuildPhase;
			buildActionMask = 2147483647;
			files = (
			);
			inputFileListPaths = (
			);
			inputPaths = (
				"${PODS_PODFILE_DIR_PATH}/Podfile.lock",
				"${PODS_ROOT}/Manifest.lock",
			);
			name = "[CP] Check Pods Manifest.lock";
			outputFileListPaths = (
			);
			outputPaths = (
				"$(DERIVED_FILE_DIR)/Pods-FellowBloggerV2-checkManifestLockResult.txt",
			);
			runOnlyForDeploymentPostprocessing = 0;
			shellPath = /bin/sh;
			shellScript = "diff \"${PODS_PODFILE_DIR_PATH}/Podfile.lock\" \"${PODS_ROOT}/Manifest.lock\" > /dev/null\nif [ $? != 0 ] ; then\n    # print error to STDERR\n    echo \"error: The sandbox is not in sync with the Podfile.lock. Run 'pod install' or update your CocoaPods installation.\" >&2\n    exit 1\nfi\n# This output is used by Xcode 'outputs' to avoid re-running this script phase.\necho \"SUCCESS\" > \"${SCRIPT_OUTPUT_FILE_0}\"\n";
			showEnvVarsInLog = 0;
		};
		4EA1EDA0C4C158C1824E4435 /* [CP] Embed Pods Frameworks */ = {
			isa = PBXShellScriptBuildPhase;
			buildActionMask = 2147483647;
			files = (
			);
			inputFileListPaths = (
			);
			inputPaths = (
				"${PODS_ROOT}/Target Support Files/Pods-FellowBloggerV2/Pods-FellowBloggerV2-frameworks.sh",
				"${BUILT_PRODUCTS_DIR}/BoringSSL-GRPC/openssl_grpc.framework",
				"${BUILT_PRODUCTS_DIR}/GTMSessionFetcher/GTMSessionFetcher.framework",
				"${BUILT_PRODUCTS_DIR}/GoogleUtilities/GoogleUtilities.framework",
				"${BUILT_PRODUCTS_DIR}/Kingfisher/Kingfisher.framework",
				"${BUILT_PRODUCTS_DIR}/Protobuf/Protobuf.framework",
				"${BUILT_PRODUCTS_DIR}/Toucan/Toucan.framework",
				"${BUILT_PRODUCTS_DIR}/gRPC-C++/grpcpp.framework",
				"${BUILT_PRODUCTS_DIR}/gRPC-Core/grpc.framework",
				"${BUILT_PRODUCTS_DIR}/leveldb-library/leveldb.framework",
				"${BUILT_PRODUCTS_DIR}/nanopb/nanopb.framework",
			);
			name = "[CP] Embed Pods Frameworks";
			outputFileListPaths = (
			);
			outputPaths = (
				"${TARGET_BUILD_DIR}/${FRAMEWORKS_FOLDER_PATH}/openssl_grpc.framework",
				"${TARGET_BUILD_DIR}/${FRAMEWORKS_FOLDER_PATH}/GTMSessionFetcher.framework",
				"${TARGET_BUILD_DIR}/${FRAMEWORKS_FOLDER_PATH}/GoogleUtilities.framework",
				"${TARGET_BUILD_DIR}/${FRAMEWORKS_FOLDER_PATH}/Kingfisher.framework",
				"${TARGET_BUILD_DIR}/${FRAMEWORKS_FOLDER_PATH}/Protobuf.framework",
				"${TARGET_BUILD_DIR}/${FRAMEWORKS_FOLDER_PATH}/Toucan.framework",
				"${TARGET_BUILD_DIR}/${FRAMEWORKS_FOLDER_PATH}/grpcpp.framework",
				"${TARGET_BUILD_DIR}/${FRAMEWORKS_FOLDER_PATH}/grpc.framework",
				"${TARGET_BUILD_DIR}/${FRAMEWORKS_FOLDER_PATH}/leveldb.framework",
				"${TARGET_BUILD_DIR}/${FRAMEWORKS_FOLDER_PATH}/nanopb.framework",
			);
			runOnlyForDeploymentPostprocessing = 0;
			shellPath = /bin/sh;
			shellScript = "\"${PODS_ROOT}/Target Support Files/Pods-FellowBloggerV2/Pods-FellowBloggerV2-frameworks.sh\"\n";
			showEnvVarsInLog = 0;
		};
/* End PBXShellScriptBuildPhase section */

/* Begin PBXSourcesBuildPhase section */
		D607F0712239863000D5811A /* Sources */ = {
			isa = PBXSourcesBuildPhase;
			buildActionMask = 2147483647;
			files = (
				D607F0922239941000D5811A /* StorageService.swift in Sources */,
				D607F0B0223AF8EC00D5811A /* UIColor+Extensions.swift in Sources */,
				D6AA0851223F5C02001E3770 /* VC+Navigation.swift in Sources */,
				D607F0AC223AEB1100D5811A /* RegisterController.swift in Sources */,
				D607F0B8223C133C00D5811A /* AddBlogController.swift in Sources */,
				D6AA0853223F5CD8001E3770 /* FellowBloggerTabBarController.swift in Sources */,
				D607F0C6223C36DE00D5811A /* ProfileHeaderView.swift in Sources */,
				D607F0AA223AEB0500D5811A /* LoginController.swift in Sources */,
				D607F09A22399A3E00D5811A /* Date+Extensions.swift in Sources */,
				D607F08E223993E700D5811A /* AuthService.swift in Sources */,
				D607F0CE223F4EA800D5811A /* BlogCell.swift in Sources */,
				D6C7A7432241443000B1B1DD /* Constants.swift in Sources */,
				D607F0BE223C158700D5811A /* EditProfileController.swift in Sources */,
				D607F0CC223C4EE600D5811A /* IBDesignableViews.swift in Sources */,
				D60AF79622452430003ED469 /* BloggerCell.swift in Sources */,
				D607F0972239951100D5811A /* Blogger.swift in Sources */,
				D607F0BC223C154000D5811A /* BlogFeedDetailController.swift in Sources */,
				D607F0902239940400D5811A /* DBService.swift in Sources */,
				D607F0952239950700D5811A /* Blog.swift in Sources */,
				D607F0AE223AF7CC00D5811A /* VC+Extensions.swift in Sources */,
				D607F0A3223AE75F00D5811A /* SearchBloggerController.swift in Sources */,
				D607F0A5223AE77100D5811A /* ProfileController.swift in Sources */,
				D68D33A82242D42400CD0D4D /* ProfileEditCell.swift in Sources */,
				D607F07B2239863000D5811A /* BlogFeedController.swift in Sources */,
				D6C7A73E2240B76700B1B1DD /* Comment.swift in Sources */,
				D607F0BA223C14B400D5811A /* EditBlogController.swift in Sources */,
				D6C7A7402240B7AE00B1B1DD /* LikeStatus.swift in Sources */,
				D607F09C22399A6500D5811A /* String+Date.swift in Sources */,
				D607F0C0223C168B00D5811A /* EditBioDetailController.swift in Sources */,
				D607F0792239863000D5811A /* AppDelegate.swift in Sources */,
			);
			runOnlyForDeploymentPostprocessing = 0;
		};
/* End PBXSourcesBuildPhase section */

/* Begin PBXVariantGroup section */
		D607F07C2239863000D5811A /* Main.storyboard */ = {
			isa = PBXVariantGroup;
			children = (
				D607F07D2239863000D5811A /* Base */,
			);
			name = Main.storyboard;
			sourceTree = "<group>";
		};
		D607F0812239863400D5811A /* LaunchScreen.storyboard */ = {
			isa = PBXVariantGroup;
			children = (
				D607F0822239863400D5811A /* Base */,
			);
			name = LaunchScreen.storyboard;
			sourceTree = "<group>";
		};
/* End PBXVariantGroup section */

/* Begin XCBuildConfiguration section */
		D607F0852239863400D5811A /* Debug */ = {
			isa = XCBuildConfiguration;
			buildSettings = {
				ALWAYS_SEARCH_USER_PATHS = NO;
				CLANG_ANALYZER_NONNULL = YES;
				CLANG_ANALYZER_NUMBER_OBJECT_CONVERSION = YES_AGGRESSIVE;
				CLANG_CXX_LANGUAGE_STANDARD = "gnu++14";
				CLANG_CXX_LIBRARY = "libc++";
				CLANG_ENABLE_MODULES = YES;
				CLANG_ENABLE_OBJC_ARC = YES;
				CLANG_ENABLE_OBJC_WEAK = YES;
				CLANG_WARN_BLOCK_CAPTURE_AUTORELEASING = YES;
				CLANG_WARN_BOOL_CONVERSION = YES;
				CLANG_WARN_COMMA = YES;
				CLANG_WARN_CONSTANT_CONVERSION = YES;
				CLANG_WARN_DEPRECATED_OBJC_IMPLEMENTATIONS = YES;
				CLANG_WARN_DIRECT_OBJC_ISA_USAGE = YES_ERROR;
				CLANG_WARN_DOCUMENTATION_COMMENTS = YES;
				CLANG_WARN_EMPTY_BODY = YES;
				CLANG_WARN_ENUM_CONVERSION = YES;
				CLANG_WARN_INFINITE_RECURSION = YES;
				CLANG_WARN_INT_CONVERSION = YES;
				CLANG_WARN_NON_LITERAL_NULL_CONVERSION = YES;
				CLANG_WARN_OBJC_IMPLICIT_RETAIN_SELF = YES;
				CLANG_WARN_OBJC_LITERAL_CONVERSION = YES;
				CLANG_WARN_OBJC_ROOT_CLASS = YES_ERROR;
				CLANG_WARN_RANGE_LOOP_ANALYSIS = YES;
				CLANG_WARN_STRICT_PROTOTYPES = YES;
				CLANG_WARN_SUSPICIOUS_MOVE = YES;
				CLANG_WARN_UNGUARDED_AVAILABILITY = YES_AGGRESSIVE;
				CLANG_WARN_UNREACHABLE_CODE = YES;
				CLANG_WARN__DUPLICATE_METHOD_MATCH = YES;
				CODE_SIGN_IDENTITY = "iPhone Developer";
				COPY_PHASE_STRIP = NO;
				DEBUG_INFORMATION_FORMAT = dwarf;
				ENABLE_STRICT_OBJC_MSGSEND = YES;
				ENABLE_TESTABILITY = YES;
				GCC_C_LANGUAGE_STANDARD = gnu11;
				GCC_DYNAMIC_NO_PIC = NO;
				GCC_NO_COMMON_BLOCKS = YES;
				GCC_OPTIMIZATION_LEVEL = 0;
				GCC_PREPROCESSOR_DEFINITIONS = (
					"DEBUG=1",
					"$(inherited)",
				);
				GCC_WARN_64_TO_32_BIT_CONVERSION = YES;
				GCC_WARN_ABOUT_RETURN_TYPE = YES_ERROR;
				GCC_WARN_UNDECLARED_SELECTOR = YES;
				GCC_WARN_UNINITIALIZED_AUTOS = YES_AGGRESSIVE;
				GCC_WARN_UNUSED_FUNCTION = YES;
				GCC_WARN_UNUSED_VARIABLE = YES;
				IPHONEOS_DEPLOYMENT_TARGET = 12.1;
				MTL_ENABLE_DEBUG_INFO = INCLUDE_SOURCE;
				MTL_FAST_MATH = YES;
				ONLY_ACTIVE_ARCH = YES;
				SDKROOT = iphoneos;
				SWIFT_ACTIVE_COMPILATION_CONDITIONS = DEBUG;
				SWIFT_OPTIMIZATION_LEVEL = "-Onone";
			};
			name = Debug;
		};
		D607F0862239863400D5811A /* Release */ = {
			isa = XCBuildConfiguration;
			buildSettings = {
				ALWAYS_SEARCH_USER_PATHS = NO;
				CLANG_ANALYZER_NONNULL = YES;
				CLANG_ANALYZER_NUMBER_OBJECT_CONVERSION = YES_AGGRESSIVE;
				CLANG_CXX_LANGUAGE_STANDARD = "gnu++14";
				CLANG_CXX_LIBRARY = "libc++";
				CLANG_ENABLE_MODULES = YES;
				CLANG_ENABLE_OBJC_ARC = YES;
				CLANG_ENABLE_OBJC_WEAK = YES;
				CLANG_WARN_BLOCK_CAPTURE_AUTORELEASING = YES;
				CLANG_WARN_BOOL_CONVERSION = YES;
				CLANG_WARN_COMMA = YES;
				CLANG_WARN_CONSTANT_CONVERSION = YES;
				CLANG_WARN_DEPRECATED_OBJC_IMPLEMENTATIONS = YES;
				CLANG_WARN_DIRECT_OBJC_ISA_USAGE = YES_ERROR;
				CLANG_WARN_DOCUMENTATION_COMMENTS = YES;
				CLANG_WARN_EMPTY_BODY = YES;
				CLANG_WARN_ENUM_CONVERSION = YES;
				CLANG_WARN_INFINITE_RECURSION = YES;
				CLANG_WARN_INT_CONVERSION = YES;
				CLANG_WARN_NON_LITERAL_NULL_CONVERSION = YES;
				CLANG_WARN_OBJC_IMPLICIT_RETAIN_SELF = YES;
				CLANG_WARN_OBJC_LITERAL_CONVERSION = YES;
				CLANG_WARN_OBJC_ROOT_CLASS = YES_ERROR;
				CLANG_WARN_RANGE_LOOP_ANALYSIS = YES;
				CLANG_WARN_STRICT_PROTOTYPES = YES;
				CLANG_WARN_SUSPICIOUS_MOVE = YES;
				CLANG_WARN_UNGUARDED_AVAILABILITY = YES_AGGRESSIVE;
				CLANG_WARN_UNREACHABLE_CODE = YES;
				CLANG_WARN__DUPLICATE_METHOD_MATCH = YES;
				CODE_SIGN_IDENTITY = "iPhone Developer";
				COPY_PHASE_STRIP = NO;
				DEBUG_INFORMATION_FORMAT = "dwarf-with-dsym";
				ENABLE_NS_ASSERTIONS = NO;
				ENABLE_STRICT_OBJC_MSGSEND = YES;
				GCC_C_LANGUAGE_STANDARD = gnu11;
				GCC_NO_COMMON_BLOCKS = YES;
				GCC_WARN_64_TO_32_BIT_CONVERSION = YES;
				GCC_WARN_ABOUT_RETURN_TYPE = YES_ERROR;
				GCC_WARN_UNDECLARED_SELECTOR = YES;
				GCC_WARN_UNINITIALIZED_AUTOS = YES_AGGRESSIVE;
				GCC_WARN_UNUSED_FUNCTION = YES;
				GCC_WARN_UNUSED_VARIABLE = YES;
				IPHONEOS_DEPLOYMENT_TARGET = 12.1;
				MTL_ENABLE_DEBUG_INFO = NO;
				MTL_FAST_MATH = YES;
				SDKROOT = iphoneos;
				SWIFT_COMPILATION_MODE = wholemodule;
				SWIFT_OPTIMIZATION_LEVEL = "-O";
				VALIDATE_PRODUCT = YES;
			};
			name = Release;
		};
		D607F0882239863400D5811A /* Debug */ = {
			isa = XCBuildConfiguration;
			baseConfigurationReference = 9152184107A0F010718E1B78 /* Pods-FellowBloggerV2.debug.xcconfig */;
			buildSettings = {
				ASSETCATALOG_COMPILER_APPICON_NAME = AppIcon;
				CODE_SIGN_STYLE = Automatic;
				DEVELOPMENT_TEAM = VXCS37P548;
				INFOPLIST_FILE = FellowBloggerV2/Info.plist;
				LD_RUNPATH_SEARCH_PATHS = (
					"$(inherited)",
					"@executable_path/Frameworks",
				);
				PRODUCT_BUNDLE_IDENTIFIER = com.alexcpaul.FellowBloggerV2;
				PRODUCT_NAME = "$(TARGET_NAME)";
				SWIFT_VERSION = 4.2;
				TARGETED_DEVICE_FAMILY = "1,2";
			};
			name = Debug;
		};
		D607F0892239863400D5811A /* Release */ = {
			isa = XCBuildConfiguration;
			baseConfigurationReference = E7015DB1C8EEEBE55104F953 /* Pods-FellowBloggerV2.release.xcconfig */;
			buildSettings = {
				ASSETCATALOG_COMPILER_APPICON_NAME = AppIcon;
				CODE_SIGN_STYLE = Automatic;
				DEVELOPMENT_TEAM = VXCS37P548;
				INFOPLIST_FILE = FellowBloggerV2/Info.plist;
				LD_RUNPATH_SEARCH_PATHS = (
					"$(inherited)",
					"@executable_path/Frameworks",
				);
				PRODUCT_BUNDLE_IDENTIFIER = com.alexcpaul.FellowBloggerV2;
				PRODUCT_NAME = "$(TARGET_NAME)";
				SWIFT_VERSION = 4.2;
				TARGETED_DEVICE_FAMILY = "1,2";
			};
			name = Release;
		};
/* End XCBuildConfiguration section */

/* Begin XCConfigurationList section */
		D607F0702239863000D5811A /* Build configuration list for PBXProject "FellowBloggerV2" */ = {
			isa = XCConfigurationList;
			buildConfigurations = (
				D607F0852239863400D5811A /* Debug */,
				D607F0862239863400D5811A /* Release */,
			);
			defaultConfigurationIsVisible = 0;
			defaultConfigurationName = Release;
		};
		D607F0872239863400D5811A /* Build configuration list for PBXNativeTarget "FellowBloggerV2" */ = {
			isa = XCConfigurationList;
			buildConfigurations = (
				D607F0882239863400D5811A /* Debug */,
				D607F0892239863400D5811A /* Release */,
			);
			defaultConfigurationIsVisible = 0;
			defaultConfigurationName = Release;
		};
/* End XCConfigurationList section */
	};
	rootObject = D607F06D2239863000D5811A /* Project object */;
}
